
Microsoft Visual Studio Solution File, Format Version 12.00
# Visual Studio Version 17
VisualStudioVersion = 17.2.32630.192
MinimumVisualStudioVersion = 10.0.40219.1
Project("{FAE04EC0-301F-11D3-BF4B-00C04F79EFBC}") = "mmap_sample", "mmap_sample\mmap_sample.csproj", "{0EF93CFE-03DB-49D0-BFF3-59AF5BDD3132}"
EndProject
Global
	GlobalSection(SolutionConfigurationPlatforms) = preSolution
		Debug|Any CPU = Debug|Any CPU
		Release|Any CPU = Release|Any CPU
	EndGlobalSection
	GlobalSection(ProjectConfigurationPlatforms) = postSolution
		{0EF93CFE-03DB-49D0-BFF3-59AF5BDD3132}.Debug|Any CPU.ActiveCfg = Debug|Any CPU
		{0EF93CFE-03DB-49D0-BFF3-59AF5BDD3132}.Debug|Any CPU.Build.0 = Debug|Any CPU
		{0EF93CFE-03DB-49D0-BFF3-59AF5BDD3132}.Release|Any CPU.ActiveCfg = Release|Any CPU
		{0EF93CFE-03DB-49D0-BFF3-59AF5BDD3132}.Release|Any CPU.Build.0 = Release|Any CPU
	EndGlobalSection
	GlobalSection(SolutionProperties) = preSolution
		HideSolutionNode = FALSE
	EndGlobalSection
	GlobalSection(ExtensibilityGlobals) = postSolution
		SolutionGuid = {56F2B587-D759-42B4-8F19-233348A2553B}
	EndGlobalSection
EndGlobal
